
Microsoft Visual Studio Solution File, Format Version 12.00
# Visual Studio Version 16
VisualStudioVersion = 25.0.1706.7
MinimumVisualStudioVersion = 10.0.40219.1
Project("{FAE04EC0-301F-11D3-BF4B-00C04F79EFBC}") = "api", "api.csproj", "{3304B115-5041-41B8-BA7E-3487721F393E}"
EndProject
Global
	GlobalSection(SolutionConfigurationPlatforms) = preSolution
		Debug|Any CPU = Debug|Any CPU
		Release|Any CPU = Release|Any CPU
	EndGlobalSection
	GlobalSection(ProjectConfigurationPlatforms) = postSolution
		{3304B115-5041-41B8-BA7E-3487721F393E}.Debug|Any CPU.ActiveCfg = Debug|Any CPU
		{3304B115-5041-41B8-BA7E-3487721F393E}.Debug|Any CPU.Build.0 = Debug|Any CPU
		{3304B115-5041-41B8-BA7E-3487721F393E}.Release|Any CPU.ActiveCfg = Release|Any CPU
		{3304B115-5041-41B8-BA7E-3487721F393E}.Release|Any CPU.Build.0 = Release|Any CPU
	EndGlobalSection
	GlobalSection(SolutionProperties) = preSolution
		HideSolutionNode = FALSE
	EndGlobalSection
	GlobalSection(ExtensibilityGlobals) = postSolution
		SolutionGuid = {B412E85E-FFC0-4336-A3C7-367C02AA361E}
	EndGlobalSection
EndGlobal
